// !$*UTF8*$!
{
	archiveVersion = 1;
	classes = {
	};
	objectVersion = 50;
	objects = {

/* Begin PBXBuildFile section */
		525BC41826372C1600C1EA9C /* AppDelegate.swift in Sources */ = {isa = PBXBuildFile; fileRef = 525BC41726372C1600C1EA9C /* AppDelegate.swift */; };
		525BC41A26372C1600C1EA9C /* SceneDelegate.swift in Sources */ = {isa = PBXBuildFile; fileRef = 525BC41926372C1600C1EA9C /* SceneDelegate.swift */; };
		525BC41C26372C1600C1EA9C /* ContentView.swift in Sources */ = {isa = PBXBuildFile; fileRef = 525BC41B26372C1600C1EA9C /* ContentView.swift */; };
		525BC41E26372C1900C1EA9C /* Assets.xcassets in Resources */ = {isa = PBXBuildFile; fileRef = 525BC41D26372C1900C1EA9C /* Assets.xcassets */; };
		525BC42126372C1900C1EA9C /* Preview Assets.xcassets in Resources */ = {isa = PBXBuildFile; fileRef = 525BC42026372C1900C1EA9C /* Preview Assets.xcassets */; };
		525BC42426372C1900C1EA9C /* LaunchScreen.storyboard in Resources */ = {isa = PBXBuildFile; fileRef = 525BC42226372C1900C1EA9C /* LaunchScreen.storyboard */; };
		525BC43026372D7800C1EA9C /* sound-rise.mp3 in Resources */ = {isa = PBXBuildFile; fileRef = 525BC42E26372D7800C1EA9C /* sound-rise.mp3 */; };
		525BC43126372D7800C1EA9C /* sound-click.mp3 in Resources */ = {isa = PBXBuildFile; fileRef = 525BC42F26372D7800C1EA9C /* sound-click.mp3 */; };
		525BC43426372EE600C1EA9C /* HoneymoonModel.swift in Sources */ = {isa = PBXBuildFile; fileRef = 525BC43326372EE600C1EA9C /* HoneymoonModel.swift */; };
		525BC43826372F3100C1EA9C /* HoneymoonData.swift in Sources */ = {isa = PBXBuildFile; fileRef = 525BC43726372F3100C1EA9C /* HoneymoonData.swift */; };
		525BC44026372F9C00C1EA9C /* CardView.swift in Sources */ = {isa = PBXBuildFile; fileRef = 525BC43F26372F9C00C1EA9C /* CardView.swift */; };
		525BC4432637318400C1EA9C /* HeaderView.swift in Sources */ = {isa = PBXBuildFile; fileRef = 525BC4422637318400C1EA9C /* HeaderView.swift */; };
		525BC446263735AB00C1EA9C /* FooterView.swift in Sources */ = {isa = PBXBuildFile; fileRef = 525BC445263735AB00C1EA9C /* FooterView.swift */; };
		525BC44A263736D600C1EA9C /* HeaderComponent.swift in Sources */ = {isa = PBXBuildFile; fileRef = 525BC449263736D600C1EA9C /* HeaderComponent.swift */; };
		525BC44E2637375200C1EA9C /* GuideComponent.swift in Sources */ = {isa = PBXBuildFile; fileRef = 525BC44D2637375200C1EA9C /* GuideComponent.swift */; };
		525BC451263738BE00C1EA9C /* GuideView.swift in Sources */ = {isa = PBXBuildFile; fileRef = 525BC450263738BE00C1EA9C /* GuideView.swift */; };
		525BC4542637413600C1EA9C /* InfoView.swift in Sources */ = {isa = PBXBuildFile; fileRef = 525BC4532637413600C1EA9C /* InfoView.swift */; };
		525BC457263741C400C1EA9C /* TitleModifier.swift in Sources */ = {isa = PBXBuildFile; fileRef = 525BC456263741C400C1EA9C /* TitleModifier.swift */; };
		525BC45D2637431500C1EA9C /* ButtonModifier.swift in Sources */ = {isa = PBXBuildFile; fileRef = 525BC45C2637431500C1EA9C /* ButtonModifier.swift */; };
		52F21CD62639B6F100C1776A /* SymbolModifier.swift in Sources */ = {isa = PBXBuildFile; fileRef = 52F21CD52639B6F100C1776A /* SymbolModifier.swift */; };
		52F21CDA2639C13E00C1776A /* CardTransition.swift in Sources */ = {isa = PBXBuildFile; fileRef = 52F21CD92639C13E00C1776A /* CardTransition.swift */; };
		52F21CDE2639C76900C1776A /* PlaySound.swift in Sources */ = {isa = PBXBuildFile; fileRef = 52F21CDD2639C76900C1776A /* PlaySound.swift */; };
/* End PBXBuildFile section */

/* Begin PBXFileReference section */
		525BC41426372C1600C1EA9C /* Honeymoon.app */ = {isa = PBXFileReference; explicitFileType = wrapper.application; includeInIndex = 0; path = Honeymoon.app; sourceTree = BUILT_PRODUCTS_DIR; };
		525BC41726372C1600C1EA9C /* AppDelegate.swift */ = {isa = PBXFileReference; lastKnownFileType = sourcecode.swift; path = AppDelegate.swift; sourceTree = "<group>"; };
		525BC41926372C1600C1EA9C /* SceneDelegate.swift */ = {isa = PBXFileReference; lastKnownFileType = sourcecode.swift; path = SceneDelegate.swift; sourceTree = "<group>"; };
		525BC41B26372C1600C1EA9C /* ContentView.swift */ = {isa = PBXFileReference; lastKnownFileType = sourcecode.swift; path = ContentView.swift; sourceTree = "<group>"; };
		525BC41D26372C1900C1EA9C /* Assets.xcassets */ = {isa = PBXFileReference; lastKnownFileType = folder.assetcatalog; path = Assets.xcassets; sourceTree = "<group>"; };
		525BC42026372C1900C1EA9C /* Preview Assets.xcassets */ = {isa = PBXFileReference; lastKnownFileType = folder.assetcatalog; path = "Preview Assets.xcassets"; sourceTree = "<group>"; };
		525BC42326372C1900C1EA9C /* Base */ = {isa = PBXFileReference; lastKnownFileType = file.storyboard; name = Base; path = Base.lproj/LaunchScreen.storyboard; sourceTree = "<group>"; };
		525BC42526372C1900C1EA9C /* Info.plist */ = {isa = PBXFileReference; lastKnownFileType = text.plist.xml; path = Info.plist; sourceTree = "<group>"; };
		525BC42E26372D7800C1EA9C /* sound-rise.mp3 */ = {isa = PBXFileReference; lastKnownFileType = audio.mp3; path = "sound-rise.mp3"; sourceTree = "<group>"; };
		525BC42F26372D7800C1EA9C /* sound-click.mp3 */ = {isa = PBXFileReference; lastKnownFileType = audio.mp3; path = "sound-click.mp3"; sourceTree = "<group>"; };
		525BC43326372EE600C1EA9C /* HoneymoonModel.swift */ = {isa = PBXFileReference; lastKnownFileType = sourcecode.swift; path = HoneymoonModel.swift; sourceTree = "<group>"; };
		525BC43726372F3100C1EA9C /* HoneymoonData.swift */ = {isa = PBXFileReference; lastKnownFileType = sourcecode.swift; path = HoneymoonData.swift; sourceTree = "<group>"; };
		525BC43F26372F9C00C1EA9C /* CardView.swift */ = {isa = PBXFileReference; lastKnownFileType = sourcecode.swift; path = CardView.swift; sourceTree = "<group>"; };
		525BC4422637318400C1EA9C /* HeaderView.swift */ = {isa = PBXFileReference; lastKnownFileType = sourcecode.swift; path = HeaderView.swift; sourceTree = "<group>"; };
		525BC445263735AB00C1EA9C /* FooterView.swift */ = {isa = PBXFileReference; lastKnownFileType = sourcecode.swift; path = FooterView.swift; sourceTree = "<group>"; };
		525BC449263736D600C1EA9C /* HeaderComponent.swift */ = {isa = PBXFileReference; lastKnownFileType = sourcecode.swift; path = HeaderComponent.swift; sourceTree = "<group>"; };
		525BC44D2637375200C1EA9C /* GuideComponent.swift */ = {isa = PBXFileReference; lastKnownFileType = sourcecode.swift; path = GuideComponent.swift; sourceTree = "<group>"; };
		525BC450263738BE00C1EA9C /* GuideView.swift */ = {isa = PBXFileReference; lastKnownFileType = sourcecode.swift; path = GuideView.swift; sourceTree = "<group>"; };
		525BC4532637413600C1EA9C /* InfoView.swift */ = {isa = PBXFileReference; lastKnownFileType = sourcecode.swift; path = InfoView.swift; sourceTree = "<group>"; };
		525BC456263741C400C1EA9C /* TitleModifier.swift */ = {isa = PBXFileReference; lastKnownFileType = sourcecode.swift; path = TitleModifier.swift; sourceTree = "<group>"; };
		525BC45C2637431500C1EA9C /* ButtonModifier.swift */ = {isa = PBXFileReference; lastKnownFileType = sourcecode.swift; path = ButtonModifier.swift; sourceTree = "<group>"; };
		52F21CD52639B6F100C1776A /* SymbolModifier.swift */ = {isa = PBXFileReference; lastKnownFileType = sourcecode.swift; path = SymbolModifier.swift; sourceTree = "<group>"; };
		52F21CD92639C13E00C1776A /* CardTransition.swift */ = {isa = PBXFileReference; lastKnownFileType = sourcecode.swift; path = CardTransition.swift; sourceTree = "<group>"; };
		52F21CDD2639C76900C1776A /* PlaySound.swift */ = {isa = PBXFileReference; lastKnownFileType = sourcecode.swift; path = PlaySound.swift; sourceTree = "<group>"; };
/* End PBXFileReference section */

/* Begin PBXFrameworksBuildPhase section */
		525BC41126372C1600C1EA9C /* Frameworks */ = {
			isa = PBXFrameworksBuildPhase;
			buildActionMask = 2147483647;
			files = (
			);
			runOnlyForDeploymentPostprocessing = 0;
		};
/* End PBXFrameworksBuildPhase section */

/* Begin PBXGroup section */
		525BC40B26372C1600C1EA9C = {
			isa = PBXGroup;
			children = (
				525BC41626372C1600C1EA9C /* Honeymoon */,
				525BC41526372C1600C1EA9C /* Products */,
			);
			sourceTree = "<group>";
		};
		525BC41526372C1600C1EA9C /* Products */ = {
			isa = PBXGroup;
			children = (
				525BC41426372C1600C1EA9C /* Honeymoon.app */,
			);
			name = Products;
			sourceTree = "<group>";
		};
		525BC41626372C1600C1EA9C /* Honeymoon */ = {
			isa = PBXGroup;
			children = (
				52F21CDC2639C75500C1776A /* Helper */,
				52F21CD82639C12C00C1776A /* Extension */,
				525BC459263741FC00C1EA9C /* Modifier */,
				525BC43D26372F7E00C1EA9C /* View */,
				525BC448263736BE00C1EA9C /* Component */,
				525BC43B26372F3500C1EA9C /* Data */,
				525BC43626372EEA00C1EA9C /* Model */,
				525BC41726372C1600C1EA9C /* AppDelegate.swift */,
				525BC41926372C1600C1EA9C /* SceneDelegate.swift */,
				525BC41D26372C1900C1EA9C /* Assets.xcassets */,
				525BC42226372C1900C1EA9C /* LaunchScreen.storyboard */,
				525BC42526372C1900C1EA9C /* Info.plist */,
				525BC42D26372D7800C1EA9C /* Sounds */,
				525BC41F26372C1900C1EA9C /* Preview Content */,
			);
			path = Honeymoon;
			sourceTree = "<group>";
		};
		525BC41F26372C1900C1EA9C /* Preview Content */ = {
			isa = PBXGroup;
			children = (
				525BC42026372C1900C1EA9C /* Preview Assets.xcassets */,
			);
			path = "Preview Content";
			sourceTree = "<group>";
		};
		525BC42D26372D7800C1EA9C /* Sounds */ = {
			isa = PBXGroup;
			children = (
				525BC42E26372D7800C1EA9C /* sound-rise.mp3 */,
				525BC42F26372D7800C1EA9C /* sound-click.mp3 */,
			);
			path = Sounds;
			sourceTree = "<group>";
		};
		525BC43626372EEA00C1EA9C /* Model */ = {
			isa = PBXGroup;
			children = (
				525BC43326372EE600C1EA9C /* HoneymoonModel.swift */,
			);
			path = Model;
			sourceTree = "<group>";
		};
		525BC43B26372F3500C1EA9C /* Data */ = {
			isa = PBXGroup;
			children = (
				525BC43726372F3100C1EA9C /* HoneymoonData.swift */,
			);
			path = Data;
			sourceTree = "<group>";
		};
		525BC43D26372F7E00C1EA9C /* View */ = {
			isa = PBXGroup;
			children = (
				525BC41B26372C1600C1EA9C /* ContentView.swift */,
				525BC43F26372F9C00C1EA9C /* CardView.swift */,
				525BC4422637318400C1EA9C /* HeaderView.swift */,
				525BC445263735AB00C1EA9C /* FooterView.swift */,
				525BC450263738BE00C1EA9C /* GuideView.swift */,
				525BC4532637413600C1EA9C /* InfoView.swift */,
			);
			path = View;
			sourceTree = "<group>";
		};
		525BC448263736BE00C1EA9C /* Component */ = {
			isa = PBXGroup;
			children = (
				525BC449263736D600C1EA9C /* HeaderComponent.swift */,
				525BC44D2637375200C1EA9C /* GuideComponent.swift */,
			);
			path = Component;
			sourceTree = "<group>";
		};
		525BC459263741FC00C1EA9C /* Modifier */ = {
			isa = PBXGroup;
			children = (
				525BC456263741C400C1EA9C /* TitleModifier.swift */,
				525BC45C2637431500C1EA9C /* ButtonModifier.swift */,
				52F21CD52639B6F100C1776A /* SymbolModifier.swift */,
			);
			path = Modifier;
			sourceTree = "<group>";
		};
		52F21CD82639C12C00C1776A /* Extension */ = {
			isa = PBXGroup;
			children = (
				52F21CD92639C13E00C1776A /* CardTransition.swift */,
			);
			path = Extension;
			sourceTree = "<group>";
		};
		52F21CDC2639C75500C1776A /* Helper */ = {
			isa = PBXGroup;
			children = (
				52F21CDD2639C76900C1776A /* PlaySound.swift */,
			);
			path = Helper;
			sourceTree = "<group>";
		};
/* End PBXGroup section */

/* Begin PBXNativeTarget section */
		525BC41326372C1600C1EA9C /* Honeymoon */ = {
			isa = PBXNativeTarget;
			buildConfigurationList = 525BC42826372C1900C1EA9C /* Build configuration list for PBXNativeTarget "Honeymoon" */;
			buildPhases = (
				525BC41026372C1600C1EA9C /* Sources */,
				525BC41126372C1600C1EA9C /* Frameworks */,
				525BC41226372C1600C1EA9C /* Resources */,
			);
			buildRules = (
			);
			dependencies = (
			);
			name = Honeymoon;
			productName = Honeymoon;
			productReference = 525BC41426372C1600C1EA9C /* Honeymoon.app */;
			productType = "com.apple.product-type.application";
		};
/* End PBXNativeTarget section */

/* Begin PBXProject section */
		525BC40C26372C1600C1EA9C /* Project object */ = {
			isa = PBXProject;
			attributes = {
				LastSwiftUpdateCheck = 1240;
				LastUpgradeCheck = 1240;
				TargetAttributes = {
					525BC41326372C1600C1EA9C = {
						CreatedOnToolsVersion = 12.4;
					};
				};
			};
			buildConfigurationList = 525BC40F26372C1600C1EA9C /* Build configuration list for PBXProject "Honeymoon" */;
			compatibilityVersion = "Xcode 9.3";
			developmentRegion = en;
			hasScannedForEncodings = 0;
			knownRegions = (
				en,
				Base,
			);
			mainGroup = 525BC40B26372C1600C1EA9C;
			productRefGroup = 525BC41526372C1600C1EA9C /* Products */;
			projectDirPath = "";
			projectRoot = "";
			targets = (
				525BC41326372C1600C1EA9C /* Honeymoon */,
			);
		};
/* End PBXProject section */

/* Begin PBXResourcesBuildPhase section */
		525BC41226372C1600C1EA9C /* Resources */ = {
			isa = PBXResourcesBuildPhase;
			buildActionMask = 2147483647;
			files = (
				525BC43126372D7800C1EA9C /* sound-click.mp3 in Resources */,
				525BC42426372C1900C1EA9C /* LaunchScreen.storyboard in Resources */,
				525BC43026372D7800C1EA9C /* sound-rise.mp3 in Resources */,
				525BC42126372C1900C1EA9C /* Preview Assets.xcassets in Resources */,
				525BC41E26372C1900C1EA9C /* Assets.xcassets in Resources */,
			);
			runOnlyForDeploymentPostprocessing = 0;
		};
/* End PBXResourcesBuildPhase section */

/* Begin PBXSourcesBuildPhase section */
		525BC41026372C1600C1EA9C /* Sources */ = {
			isa = PBXSourcesBuildPhase;
			buildActionMask = 2147483647;
			files = (
				525BC43426372EE600C1EA9C /* HoneymoonModel.swift in Sources */,
				525BC41826372C1600C1EA9C /* AppDelegate.swift in Sources */,
				525BC44E2637375200C1EA9C /* GuideComponent.swift in Sources */,
				525BC41A26372C1600C1EA9C /* SceneDelegate.swift in Sources */,
				52F21CDA2639C13E00C1776A /* CardTransition.swift in Sources */,
				525BC457263741C400C1EA9C /* TitleModifier.swift in Sources */,
				525BC4542637413600C1EA9C /* InfoView.swift in Sources */,
				525BC43826372F3100C1EA9C /* HoneymoonData.swift in Sources */,
				525BC44026372F9C00C1EA9C /* CardView.swift in Sources */,
				525BC45D2637431500C1EA9C /* ButtonModifier.swift in Sources */,
				525BC446263735AB00C1EA9C /* FooterView.swift in Sources */,
				525BC44A263736D600C1EA9C /* HeaderComponent.swift in Sources */,
				525BC451263738BE00C1EA9C /* GuideView.swift in Sources */,
				52F21CD62639B6F100C1776A /* SymbolModifier.swift in Sources */,
				525BC41C26372C1600C1EA9C /* ContentView.swift in Sources */,
				525BC4432637318400C1EA9C /* HeaderView.swift in Sources */,
				52F21CDE2639C76900C1776A /* PlaySound.swift in Sources */,
			);
			runOnlyForDeploymentPostprocessing = 0;
		};
/* End PBXSourcesBuildPhase section */

/* Begin PBXVariantGroup section */
		525BC42226372C1900C1EA9C /* LaunchScreen.storyboard */ = {
			isa = PBXVariantGroup;
			children = (
				525BC42326372C1900C1EA9C /* Base */,
			);
			name = LaunchScreen.storyboard;
			sourceTree = "<group>";
		};
/* End PBXVariantGroup section */

/* Begin XCBuildConfiguration section */
		525BC42626372C1900C1EA9C /* Debug */ = {
			isa = XCBuildConfiguration;
			buildSettings = {
				ALWAYS_SEARCH_USER_PATHS = NO;
				CLANG_ANALYZER_NONNULL = YES;
				CLANG_ANALYZER_NUMBER_OBJECT_CONVERSION = YES_AGGRESSIVE;
				CLANG_CXX_LANGUAGE_STANDARD = "gnu++14";
				CLANG_CXX_LIBRARY = "libc++";
				CLANG_ENABLE_MODULES = YES;
				CLANG_ENABLE_OBJC_ARC = YES;
				CLANG_ENABLE_OBJC_WEAK = YES;
				CLANG_WARN_BLOCK_CAPTURE_AUTORELEASING = YES;
				CLANG_WARN_BOOL_CONVERSION = YES;
				CLANG_WARN_COMMA = YES;
				CLANG_WARN_CONSTANT_CONVERSION = YES;
				CLANG_WARN_DEPRECATED_OBJC_IMPLEMENTATIONS = YES;
				CLANG_WARN_DIRECT_OBJC_ISA_USAGE = YES_ERROR;
				CLANG_WARN_DOCUMENTATION_COMMENTS = YES;
				CLANG_WARN_EMPTY_BODY = YES;
				CLANG_WARN_ENUM_CONVERSION = YES;
				CLANG_WARN_INFINITE_RECURSION = YES;
				CLANG_WARN_INT_CONVERSION = YES;
				CLANG_WARN_NON_LITERAL_NULL_CONVERSION = YES;
				CLANG_WARN_OBJC_IMPLICIT_RETAIN_SELF = YES;
				CLANG_WARN_OBJC_LITERAL_CONVERSION = YES;
				CLANG_WARN_OBJC_ROOT_CLASS = YES_ERROR;
				CLANG_WARN_QUOTED_INCLUDE_IN_FRAMEWORK_HEADER = YES;
				CLANG_WARN_RANGE_LOOP_ANALYSIS = YES;
				CLANG_WARN_STRICT_PROTOTYPES = YES;
				CLANG_WARN_SUSPICIOUS_MOVE = YES;
				CLANG_WARN_UNGUARDED_AVAILABILITY = YES_AGGRESSIVE;
				CLANG_WARN_UNREACHABLE_CODE = YES;
				CLANG_WARN__DUPLICATE_METHOD_MATCH = YES;
				COPY_PHASE_STRIP = NO;
				DEBUG_INFORMATION_FORMAT = dwarf;
				ENABLE_STRICT_OBJC_MSGSEND = YES;
				ENABLE_TESTABILITY = YES;
				GCC_C_LANGUAGE_STANDARD = gnu11;
				GCC_DYNAMIC_NO_PIC = NO;
				GCC_NO_COMMON_BLOCKS = YES;
				GCC_OPTIMIZATION_LEVEL = 0;
				GCC_PREPROCESSOR_DEFINITIONS = (
					"DEBUG=1",
					"$(inherited)",
				);
				GCC_WARN_64_TO_32_BIT_CONVERSION = YES;
				GCC_WARN_ABOUT_RETURN_TYPE = YES_ERROR;
				GCC_WARN_UNDECLARED_SELECTOR = YES;
				GCC_WARN_UNINITIALIZED_AUTOS = YES_AGGRESSIVE;
				GCC_WARN_UNUSED_FUNCTION = YES;
				GCC_WARN_UNUSED_VARIABLE = YES;
				IPHONEOS_DEPLOYMENT_TARGET = 14.4;
				MTL_ENABLE_DEBUG_INFO = INCLUDE_SOURCE;
				MTL_FAST_MATH = YES;
				ONLY_ACTIVE_ARCH = YES;
				SDKROOT = iphoneos;
				SWIFT_ACTIVE_COMPILATION_CONDITIONS = DEBUG;
				SWIFT_OPTIMIZATION_LEVEL = "-Onone";
			};
			name = Debug;
		};
		525BC42726372C1900C1EA9C /* Release */ = {
			isa = XCBuildConfiguration;
			buildSettings = {
				ALWAYS_SEARCH_USER_PATHS = NO;
				CLANG_ANALYZER_NONNULL = YES;
				CLANG_ANALYZER_NUMBER_OBJECT_CONVERSION = YES_AGGRESSIVE;
				CLANG_CXX_LANGUAGE_STANDARD = "gnu++14";
				CLANG_CXX_LIBRARY = "libc++";
				CLANG_ENABLE_MODULES = YES;
				CLANG_ENABLE_OBJC_ARC = YES;
				CLANG_ENABLE_OBJC_WEAK = YES;
				CLANG_WARN_BLOCK_CAPTURE_AUTORELEASING = YES;
				CLANG_WARN_BOOL_CONVERSION = YES;
				CLANG_WARN_COMMA = YES;
				CLANG_WARN_CONSTANT_CONVERSION = YES;
				CLANG_WARN_DEPRECATED_OBJC_IMPLEMENTATIONS = YES;
				CLANG_WARN_DIRECT_OBJC_ISA_USAGE = YES_ERROR;
				CLANG_WARN_DOCUMENTATION_COMMENTS = YES;
				CLANG_WARN_EMPTY_BODY = YES;
				CLANG_WARN_ENUM_CONVERSION = YES;
				CLANG_WARN_INFINITE_RECURSION = YES;
				CLANG_WARN_INT_CONVERSION = YES;
				CLANG_WARN_NON_LITERAL_NULL_CONVERSION = YES;
				CLANG_WARN_OBJC_IMPLICIT_RETAIN_SELF = YES;
				CLANG_WARN_OBJC_LITERAL_CONVERSION = YES;
				CLANG_WARN_OBJC_ROOT_CLASS = YES_ERROR;
				CLANG_WARN_QUOTED_INCLUDE_IN_FRAMEWORK_HEADER = YES;
				CLANG_WARN_RANGE_LOOP_ANALYSIS = YES;
				CLANG_WARN_STRICT_PROTOTYPES = YES;
				CLANG_WARN_SUSPICIOUS_MOVE = YES;
				CLANG_WARN_UNGUARDED_AVAILABILITY = YES_AGGRESSIVE;
				CLANG_WARN_UNREACHABLE_CODE = YES;
				CLANG_WARN__DUPLICATE_METHOD_MATCH = YES;
				COPY_PHASE_STRIP = NO;
				DEBUG_INFORMATION_FORMAT = "dwarf-with-dsym";
				ENABLE_NS_ASSERTIONS = NO;
				ENABLE_STRICT_OBJC_MSGSEND = YES;
				GCC_C_LANGUAGE_STANDARD = gnu11;
				GCC_NO_COMMON_BLOCKS = YES;
				GCC_WARN_64_TO_32_BIT_CONVERSION = YES;
				GCC_WARN_ABOUT_RETURN_TYPE = YES_ERROR;
				GCC_WARN_UNDECLARED_SELECTOR = YES;
				GCC_WARN_UNINITIALIZED_AUTOS = YES_AGGRESSIVE;
				GCC_WARN_UNUSED_FUNCTION = YES;
				GCC_WARN_UNUSED_VARIABLE = YES;
				IPHONEOS_DEPLOYMENT_TARGET = 14.4;
				MTL_ENABLE_DEBUG_INFO = NO;
				MTL_FAST_MATH = YES;
				SDKROOT = iphoneos;
				SWIFT_COMPILATION_MODE = wholemodule;
				SWIFT_OPTIMIZATION_LEVEL = "-O";
				VALIDATE_PRODUCT = YES;
			};
			name = Release;
		};
		525BC42926372C1900C1EA9C /* Debug */ = {
			isa = XCBuildConfiguration;
			buildSettings = {
				ASSETCATALOG_COMPILER_APPICON_NAME = AppIcon;
				ASSETCATALOG_COMPILER_GLOBAL_ACCENT_COLOR_NAME = AccentColor;
				CODE_SIGN_STYLE = Automatic;
				DEVELOPMENT_ASSET_PATHS = "\"Honeymoon/Preview Content\"";
				DEVELOPMENT_TEAM = 3PTYV272Z4;
				ENABLE_PREVIEWS = YES;
				INFOPLIST_FILE = Honeymoon/Info.plist;
				IPHONEOS_DEPLOYMENT_TARGET = 14.1;
				LD_RUNPATH_SEARCH_PATHS = (
					"$(inherited)",
					"@executable_path/Frameworks",
				);
				PRODUCT_BUNDLE_IDENTIFIER = pro.richpeach.ssh.Honeymoon;
				PRODUCT_NAME = "$(TARGET_NAME)";
				SWIFT_VERSION = 5.0;
				TARGETED_DEVICE_FAMILY = "1,2";
			};
			name = Debug;
		};
		525BC42A26372C1900C1EA9C /* Release */ = {
			isa = XCBuildConfiguration;
			buildSettings = {
				ASSETCATALOG_COMPILER_APPICON_NAME = AppIcon;
				ASSETCATALOG_COMPILER_GLOBAL_ACCENT_COLOR_NAME = AccentColor;
				CODE_SIGN_STYLE = Automatic;
				DEVELOPMENT_ASSET_PATHS = "\"Honeymoon/Preview Content\"";
				DEVELOPMENT_TEAM = 3PTYV272Z4;
				ENABLE_PREVIEWS = YES;
				INFOPLIST_FILE = Honeymoon/Info.plist;
				IPHONEOS_DEPLOYMENT_TARGET = 14.1;
				LD_RUNPATH_SEARCH_PATHS = (
					"$(inherited)",
					"@executable_path/Frameworks",
				);
				PRODUCT_BUNDLE_IDENTIFIER = pro.richpeach.ssh.Honeymoon;
				PRODUCT_NAME = "$(TARGET_NAME)";
				SWIFT_VERSION = 5.0;
				TARGETED_DEVICE_FAMILY = "1,2";
			};
			name = Release;
		};
/* End XCBuildConfiguration section */

/* Begin XCConfigurationList section */
		525BC40F26372C1600C1EA9C /* Build configuration list for PBXProject "Honeymoon" */ = {
			isa = XCConfigurationList;
			buildConfigurations = (
				525BC42626372C1900C1EA9C /* Debug */,
				525BC42726372C1900C1EA9C /* Release */,
			);
			defaultConfigurationIsVisible = 0;
			defaultConfigurationName = Release;
		};
		525BC42826372C1900C1EA9C /* Build configuration list for PBXNativeTarget "Honeymoon" */ = {
			isa = XCConfigurationList;
			buildConfigurations = (
				525BC42926372C1900C1EA9C /* Debug */,
				525BC42A26372C1900C1EA9C /* Release */,
			);
			defaultConfigurationIsVisible = 0;
			defaultConfigurationName = Release;
		};
/* End XCConfigurationList section */
	};
	rootObject = 525BC40C26372C1600C1EA9C /* Project object */;
}
